
Microsoft Visual Studio Solution File, Format Version 12.00
# Visual Studio Version 16
VisualStudioVersion = 16.0.30523.141
MinimumVisualStudioVersion = 10.0.40219.1
Project("{FAE04EC0-301F-11D3-BF4B-00C04F79EFBC}") = "DeepSecure.ThreatRemoval", "src\DeepSecure.ThreatRemoval\DeepSecure.ThreatRemoval.csproj", "{AC1A50F7-541D-49A1-A12D-044502EC88FB}"
EndProject
Project("{FAE04EC0-301F-11D3-BF4B-00C04F79EFBC}") = "DeepSecure.ThreatRemoval.Test", "test\DeepSecure.ThreatRemoval.Test\DeepSecure.ThreatRemoval.Test.csproj", "{F504709C-E0BF-4E99-994C-73051288CFA7}"
EndProject
Global
	GlobalSection(SolutionConfigurationPlatforms) = preSolution
		Debug|Any CPU = Debug|Any CPU
		Release|Any CPU = Release|Any CPU
	EndGlobalSection
	GlobalSection(ProjectConfigurationPlatforms) = postSolution
		{AC1A50F7-541D-49A1-A12D-044502EC88FB}.Debug|Any CPU.ActiveCfg = Debug|Any CPU
		{AC1A50F7-541D-49A1-A12D-044502EC88FB}.Debug|Any CPU.Build.0 = Debug|Any CPU
		{AC1A50F7-541D-49A1-A12D-044502EC88FB}.Release|Any CPU.ActiveCfg = Release|Any CPU
		{AC1A50F7-541D-49A1-A12D-044502EC88FB}.Release|Any CPU.Build.0 = Release|Any CPU
		{F504709C-E0BF-4E99-994C-73051288CFA7}.Debug|Any CPU.ActiveCfg = Debug|Any CPU
		{F504709C-E0BF-4E99-994C-73051288CFA7}.Debug|Any CPU.Build.0 = Debug|Any CPU
		{F504709C-E0BF-4E99-994C-73051288CFA7}.Release|Any CPU.ActiveCfg = Release|Any CPU
		{F504709C-E0BF-4E99-994C-73051288CFA7}.Release|Any CPU.Build.0 = Release|Any CPU
	EndGlobalSection
	GlobalSection(SolutionProperties) = preSolution
		HideSolutionNode = FALSE
	EndGlobalSection
	GlobalSection(ExtensibilityGlobals) = postSolution
		SolutionGuid = {8F442CED-8ADF-4D60-96A1-CEAD06DFF7DA}
	EndGlobalSection
EndGlobal
